
Microsoft Visual Studio Solution File, Format Version 12.00
# Visual Studio Version 17
VisualStudioVersion = 17.5.33414.496
MinimumVisualStudioVersion = 10.0.40219.1
Project("{9A19103F-16F7-4668-BE54-9A1E7A4F7556}") = "RelCompute", "RelCompute\RelCompute.csproj", "{5B2BEDB6-B2B7-4DDF-9F84-82E23E629C72}"
EndProject
Project("{9A19103F-16F7-4668-BE54-9A1E7A4F7556}") = "KinshipCompute", "..\KinshipCompute\KinshipCompute\KinshipCompute.csproj", "{AA238E10-D22A-4874-B3A9-0BFAD45E2CFF}"
EndProject
Project("{FAE04EC0-301F-11D3-BF4B-00C04F79EFBC}") = "RelExecute", "RelExecute\RelExecute.csproj", "{4849FB8F-E638-4E15-880E-E5C3CED2B1C0}"
EndProject
Global
	GlobalSection(SolutionConfigurationPlatforms) = preSolution
		Debug|Any CPU = Debug|Any CPU
		Release|Any CPU = Release|Any CPU
	EndGlobalSection
	GlobalSection(ProjectConfigurationPlatforms) = postSolution
		{5B2BEDB6-B2B7-4DDF-9F84-82E23E629C72}.Debug|Any CPU.ActiveCfg = Debug|Any CPU
		{5B2BEDB6-B2B7-4DDF-9F84-82E23E629C72}.Debug|Any CPU.Build.0 = Debug|Any CPU
		{5B2BEDB6-B2B7-4DDF-9F84-82E23E629C72}.Release|Any CPU.ActiveCfg = Release|Any CPU
		{5B2BEDB6-B2B7-4DDF-9F84-82E23E629C72}.Release|Any CPU.Build.0 = Release|Any CPU
		{AA238E10-D22A-4874-B3A9-0BFAD45E2CFF}.Debug|Any CPU.ActiveCfg = Debug|Any CPU
		{AA238E10-D22A-4874-B3A9-0BFAD45E2CFF}.Debug|Any CPU.Build.0 = Debug|Any CPU
		{AA238E10-D22A-4874-B3A9-0BFAD45E2CFF}.Release|Any CPU.ActiveCfg = Release|Any CPU
		{AA238E10-D22A-4874-B3A9-0BFAD45E2CFF}.Release|Any CPU.Build.0 = Release|Any CPU
		{4849FB8F-E638-4E15-880E-E5C3CED2B1C0}.Debug|Any CPU.ActiveCfg = Debug|Any CPU
		{4849FB8F-E638-4E15-880E-E5C3CED2B1C0}.Debug|Any CPU.Build.0 = Debug|Any CPU
		{4849FB8F-E638-4E15-880E-E5C3CED2B1C0}.Release|Any CPU.ActiveCfg = Release|Any CPU
		{4849FB8F-E638-4E15-880E-E5C3CED2B1C0}.Release|Any CPU.Build.0 = Release|Any CPU
	EndGlobalSection
	GlobalSection(SolutionProperties) = preSolution
		HideSolutionNode = FALSE
	EndGlobalSection
	GlobalSection(ExtensibilityGlobals) = postSolution
		SolutionGuid = {04926C43-27C3-4CC5-9848-C060DF2331C5}
	EndGlobalSection
EndGlobal
